
Microsoft Visual Studio Solution File, Format Version 12.00
# Visual Studio 14
VisualStudioVersion = 14.0.25420.1
MinimumVisualStudioVersion = 10.0.40219.1
Project("{FAE04EC0-301F-11D3-BF4B-00C04F79EFBC}") = "EmergencyHoundApi", "EmergencyHoundApi\EmergencyHoundApi.csproj", "{5506CD13-E2A5-4B37-8DEF-F48AB61136F0}"
EndProject
Project("{FAE04EC0-301F-11D3-BF4B-00C04F79EFBC}") = "EmergencyHoundModel", "EmergencyHoundModel\EmergencyHoundModel.csproj", "{7D66ACBA-7BC3-4461-9A64-9F85C6199BA6}"
EndProject
Project("{FAE04EC0-301F-11D3-BF4B-00C04F79EFBC}") = "EmergencyHoundWeb", "EmergencyHoundWeb\EmergencyHoundWeb.csproj", "{CDFBB98A-F347-4225-A2CB-1B9D5CFEAAED}"
EndProject
Project("{262852C6-CD72-467D-83FE-5EEB1973A190}") = "EmergencyHoundMobile", "EmergencyHoundMobile\EmergencyHoundMobile.jsproj", "{3EF18F8F-EE48-49F5-959D-74F97B4EB52F}"
EndProject
Global
	GlobalSection(SolutionConfigurationPlatforms) = preSolution
		Debug|Android = Debug|Android
		Debug|Any CPU = Debug|Any CPU
		Debug|iOS = Debug|iOS
		Debug|Windows Phone (Universal) = Debug|Windows Phone (Universal)
		Debug|Windows Phone 8 = Debug|Windows Phone 8
		Debug|Windows-AnyCPU = Debug|Windows-AnyCPU
		Debug|Windows-ARM = Debug|Windows-ARM
		Debug|Windows-x64 = Debug|Windows-x64
		Debug|Windows-x86 = Debug|Windows-x86
		Release|Android = Release|Android
		Release|Any CPU = Release|Any CPU
		Release|iOS = Release|iOS
		Release|Windows Phone (Universal) = Release|Windows Phone (Universal)
		Release|Windows Phone 8 = Release|Windows Phone 8
		Release|Windows-AnyCPU = Release|Windows-AnyCPU
		Release|Windows-ARM = Release|Windows-ARM
		Release|Windows-x64 = Release|Windows-x64
		Release|Windows-x86 = Release|Windows-x86
	EndGlobalSection
	GlobalSection(ProjectConfigurationPlatforms) = postSolution
		{5506CD13-E2A5-4B37-8DEF-F48AB61136F0}.Debug|Android.ActiveCfg = Debug|Any CPU
		{5506CD13-E2A5-4B37-8DEF-F48AB61136F0}.Debug|Android.Build.0 = Debug|Any CPU
		{5506CD13-E2A5-4B37-8DEF-F48AB61136F0}.Debug|Any CPU.ActiveCfg = Debug|Any CPU
		{5506CD13-E2A5-4B37-8DEF-F48AB61136F0}.Debug|Any CPU.Build.0 = Debug|Any CPU
		{5506CD13-E2A5-4B37-8DEF-F48AB61136F0}.Debug|iOS.ActiveCfg = Debug|Any CPU
		{5506CD13-E2A5-4B37-8DEF-F48AB61136F0}.Debug|iOS.Build.0 = Debug|Any CPU
		{5506CD13-E2A5-4B37-8DEF-F48AB61136F0}.Debug|Windows Phone (Universal).ActiveCfg = Debug|Any CPU
		{5506CD13-E2A5-4B37-8DEF-F48AB61136F0}.Debug|Windows Phone (Universal).Build.0 = Debug|Any CPU
		{5506CD13-E2A5-4B37-8DEF-F48AB61136F0}.Debug|Windows Phone 8.ActiveCfg = Debug|Any CPU
		{5506CD13-E2A5-4B37-8DEF-F48AB61136F0}.Debug|Windows Phone 8.Build.0 = Debug|Any CPU
		{5506CD13-E2A5-4B37-8DEF-F48AB61136F0}.Debug|Windows-AnyCPU.ActiveCfg = Debug|Any CPU
		{5506CD13-E2A5-4B37-8DEF-F48AB61136F0}.Debug|Windows-AnyCPU.Build.0 = Debug|Any CPU
		{5506CD13-E2A5-4B37-8DEF-F48AB61136F0}.Debug|Windows-ARM.ActiveCfg = Debug|Any CPU
		{5506CD13-E2A5-4B37-8DEF-F48AB61136F0}.Debug|Windows-ARM.Build.0 = Debug|Any CPU
		{5506CD13-E2A5-4B37-8DEF-F48AB61136F0}.Debug|Windows-x64.ActiveCfg = Debug|Any CPU
		{5506CD13-E2A5-4B37-8DEF-F48AB61136F0}.Debug|Windows-x64.Build.0 = Debug|Any CPU
		{5506CD13-E2A5-4B37-8DEF-F48AB61136F0}.Debug|Windows-x86.ActiveCfg = Debug|Any CPU
		{5506CD13-E2A5-4B37-8DEF-F48AB61136F0}.Debug|Windows-x86.Build.0 = Debug|Any CPU
		{5506CD13-E2A5-4B37-8DEF-F48AB61136F0}.Release|Android.ActiveCfg = Release|Any CPU
		{5506CD13-E2A5-4B37-8DEF-F48AB61136F0}.Release|Android.Build.0 = Release|Any CPU
		{5506CD13-E2A5-4B37-8DEF-F48AB61136F0}.Release|Any CPU.ActiveCfg = Release|Any CPU
		{5506CD13-E2A5-4B37-8DEF-F48AB61136F0}.Release|Any CPU.Build.0 = Release|Any CPU
		{5506CD13-E2A5-4B37-8DEF-F48AB61136F0}.Release|iOS.ActiveCfg = Release|Any CPU
		{5506CD13-E2A5-4B37-8DEF-F48AB61136F0}.Release|iOS.Build.0 = Release|Any CPU
		{5506CD13-E2A5-4B37-8DEF-F48AB61136F0}.Release|Windows Phone (Universal).ActiveCfg = Release|Any CPU
		{5506CD13-E2A5-4B37-8DEF-F48AB61136F0}.Release|Windows Phone (Universal).Build.0 = Release|Any CPU
		{5506CD13-E2A5-4B37-8DEF-F48AB61136F0}.Release|Windows Phone 8.ActiveCfg = Release|Any CPU
		{5506CD13-E2A5-4B37-8DEF-F48AB61136F0}.Release|Windows Phone 8.Build.0 = Release|Any CPU
		{5506CD13-E2A5-4B37-8DEF-F48AB61136F0}.Release|Windows-AnyCPU.ActiveCfg = Release|Any CPU
		{5506CD13-E2A5-4B37-8DEF-F48AB61136F0}.Release|Windows-AnyCPU.Build.0 = Release|Any CPU
		{5506CD13-E2A5-4B37-8DEF-F48AB61136F0}.Release|Windows-ARM.ActiveCfg = Release|Any CPU
		{5506CD13-E2A5-4B37-8DEF-F48AB61136F0}.Release|Windows-ARM.Build.0 = Release|Any CPU
		{5506CD13-E2A5-4B37-8DEF-F48AB61136F0}.Release|Windows-x64.ActiveCfg = Release|Any CPU
		{5506CD13-E2A5-4B37-8DEF-F48AB61136F0}.Release|Windows-x64.Build.0 = Release|Any CPU
		{5506CD13-E2A5-4B37-8DEF-F48AB61136F0}.Release|Windows-x86.ActiveCfg = Release|Any CPU
		{5506CD13-E2A5-4B37-8DEF-F48AB61136F0}.Release|Windows-x86.Build.0 = Release|Any CPU
		{7D66ACBA-7BC3-4461-9A64-9F85C6199BA6}.Debug|Android.ActiveCfg = Debug|Any CPU
		{7D66ACBA-7BC3-4461-9A64-9F85C6199BA6}.Debug|Android.Build.0 = Debug|Any CPU
		{7D66ACBA-7BC3-4461-9A64-9F85C6199BA6}.Debug|Any CPU.ActiveCfg = Debug|Any CPU
		{7D66ACBA-7BC3-4461-9A64-9F85C6199BA6}.Debug|Any CPU.Build.0 = Debug|Any CPU
		{7D66ACBA-7BC3-4461-9A64-9F85C6199BA6}.Debug|iOS.ActiveCfg = Debug|Any CPU
		{7D66ACBA-7BC3-4461-9A64-9F85C6199BA6}.Debug|iOS.Build.0 = Debug|Any CPU
		{7D66ACBA-7BC3-4461-9A64-9F85C6199BA6}.Debug|Windows Phone (Universal).ActiveCfg = Debug|Any CPU
		{7D66ACBA-7BC3-4461-9A64-9F85C6199BA6}.Debug|Windows Phone (Universal).Build.0 = Debug|Any CPU
		{7D66ACBA-7BC3-4461-9A64-9F85C6199BA6}.Debug|Windows Phone 8.ActiveCfg = Debug|Any CPU
		{7D66ACBA-7BC3-4461-9A64-9F85C6199BA6}.Debug|Windows Phone 8.Build.0 = Debug|Any CPU
		{7D66ACBA-7BC3-4461-9A64-9F85C6199BA6}.Debug|Windows-AnyCPU.ActiveCfg = Debug|Any CPU
		{7D66ACBA-7BC3-4461-9A64-9F85C6199BA6}.Debug|Windows-AnyCPU.Build.0 = Debug|Any CPU
		{7D66ACBA-7BC3-4461-9A64-9F85C6199BA6}.Debug|Windows-ARM.ActiveCfg = Debug|Any CPU
		{7D66ACBA-7BC3-4461-9A64-9F85C6199BA6}.Debug|Windows-ARM.Build.0 = Debug|Any CPU
		{7D66ACBA-7BC3-4461-9A64-9F85C6199BA6}.Debug|Windows-x64.ActiveCfg = Debug|Any CPU
		{7D66ACBA-7BC3-4461-9A64-9F85C6199BA6}.Debug|Windows-x64.Build.0 = Debug|Any CPU
		{7D66ACBA-7BC3-4461-9A64-9F85C6199BA6}.Debug|Windows-x86.ActiveCfg = Debug|Any CPU
		{7D66ACBA-7BC3-4461-9A64-9F85C6199BA6}.Debug|Windows-x86.Build.0 = Debug|Any CPU
		{7D66ACBA-7BC3-4461-9A64-9F85C6199BA6}.Release|Android.ActiveCfg = Release|Any CPU
		{7D66ACBA-7BC3-4461-9A64-9F85C6199BA6}.Release|Android.Build.0 = Release|Any CPU
		{7D66ACBA-7BC3-4461-9A64-9F85C6199BA6}.Release|Any CPU.ActiveCfg = Release|Any CPU
		{7D66ACBA-7BC3-4461-9A64-9F85C6199BA6}.Release|Any CPU.Build.0 = Release|Any CPU
		{7D66ACBA-7BC3-4461-9A64-9F85C6199BA6}.Release|iOS.ActiveCfg = Release|Any CPU
		{7D66ACBA-7BC3-4461-9A64-9F85C6199BA6}.Release|iOS.Build.0 = Release|Any CPU
		{7D66ACBA-7BC3-4461-9A64-9F85C6199BA6}.Release|Windows Phone (Universal).ActiveCfg = Release|Any CPU
		{7D66ACBA-7BC3-4461-9A64-9F85C6199BA6}.Release|Windows Phone (Universal).Build.0 = Release|Any CPU
		{7D66ACBA-7BC3-4461-9A64-9F85C6199BA6}.Release|Windows Phone 8.ActiveCfg = Release|Any CPU
		{7D66ACBA-7BC3-4461-9A64-9F85C6199BA6}.Release|Windows Phone 8.Build.0 = Release|Any CPU
		{7D66ACBA-7BC3-4461-9A64-9F85C6199BA6}.Release|Windows-AnyCPU.ActiveCfg = Release|Any CPU
		{7D66ACBA-7BC3-4461-9A64-9F85C6199BA6}.Release|Windows-AnyCPU.Build.0 = Release|Any CPU
		{7D66ACBA-7BC3-4461-9A64-9F85C6199BA6}.Release|Windows-ARM.ActiveCfg = Release|Any CPU
		{7D66ACBA-7BC3-4461-9A64-9F85C6199BA6}.Release|Windows-ARM.Build.0 = Release|Any CPU
		{7D66ACBA-7BC3-4461-9A64-9F85C6199BA6}.Release|Windows-x64.ActiveCfg = Release|Any CPU
		{7D66ACBA-7BC3-4461-9A64-9F85C6199BA6}.Release|Windows-x64.Build.0 = Release|Any CPU
		{7D66ACBA-7BC3-4461-9A64-9F85C6199BA6}.Release|Windows-x86.ActiveCfg = Release|Any CPU
		{7D66ACBA-7BC3-4461-9A64-9F85C6199BA6}.Release|Windows-x86.Build.0 = Release|Any CPU
		{CDFBB98A-F347-4225-A2CB-1B9D5CFEAAED}.Debug|Android.ActiveCfg = Debug|Any CPU
		{CDFBB98A-F347-4225-A2CB-1B9D5CFEAAED}.Debug|Android.Build.0 = Debug|Any CPU
		{CDFBB98A-F347-4225-A2CB-1B9D5CFEAAED}.Debug|Any CPU.ActiveCfg = Debug|Any CPU
		{CDFBB98A-F347-4225-A2CB-1B9D5CFEAAED}.Debug|Any CPU.Build.0 = Debug|Any CPU
		{CDFBB98A-F347-4225-A2CB-1B9D5CFEAAED}.Debug|iOS.ActiveCfg = Debug|Any CPU
		{CDFBB98A-F347-4225-A2CB-1B9D5CFEAAED}.Debug|iOS.Build.0 = Debug|Any CPU
		{CDFBB98A-F347-4225-A2CB-1B9D5CFEAAED}.Debug|Windows Phone (Universal).ActiveCfg = Debug|Any CPU
		{CDFBB98A-F347-4225-A2CB-1B9D5CFEAAED}.Debug|Windows Phone (Universal).Build.0 = Debug|Any CPU
		{CDFBB98A-F347-4225-A2CB-1B9D5CFEAAED}.Debug|Windows Phone 8.ActiveCfg = Debug|Any CPU
		{CDFBB98A-F347-4225-A2CB-1B9D5CFEAAED}.Debug|Windows Phone 8.Build.0 = Debug|Any CPU
		{CDFBB98A-F347-4225-A2CB-1B9D5CFEAAED}.Debug|Windows-AnyCPU.ActiveCfg = Debug|Any CPU
		{CDFBB98A-F347-4225-A2CB-1B9D5CFEAAED}.Debug|Windows-AnyCPU.Build.0 = Debug|Any CPU
		{CDFBB98A-F347-4225-A2CB-1B9D5CFEAAED}.Debug|Windows-ARM.ActiveCfg = Debug|Any CPU
		{CDFBB98A-F347-4225-A2CB-1B9D5CFEAAED}.Debug|Windows-ARM.Build.0 = Debug|Any CPU
		{CDFBB98A-F347-4225-A2CB-1B9D5CFEAAED}.Debug|Windows-x64.ActiveCfg = Debug|Any CPU
		{CDFBB98A-F347-4225-A2CB-1B9D5CFEAAED}.Debug|Windows-x64.Build.0 = Debug|Any CPU
		{CDFBB98A-F347-4225-A2CB-1B9D5CFEAAED}.Debug|Windows-x86.ActiveCfg = Debug|Any CPU
		{CDFBB98A-F347-4225-A2CB-1B9D5CFEAAED}.Debug|Windows-x86.Build.0 = Debug|Any CPU
		{CDFBB98A-F347-4225-A2CB-1B9D5CFEAAED}.Release|Android.ActiveCfg = Release|Any CPU
		{CDFBB98A-F347-4225-A2CB-1B9D5CFEAAED}.Release|Android.Build.0 = Release|Any CPU
		{CDFBB98A-F347-4225-A2CB-1B9D5CFEAAED}.Release|Any CPU.ActiveCfg = Release|Any CPU
		{CDFBB98A-F347-4225-A2CB-1B9D5CFEAAED}.Release|Any CPU.Build.0 = Release|Any CPU
		{CDFBB98A-F347-4225-A2CB-1B9D5CFEAAED}.Release|iOS.ActiveCfg = Release|Any CPU
		{CDFBB98A-F347-4225-A2CB-1B9D5CFEAAED}.Release|iOS.Build.0 = Release|Any CPU
		{CDFBB98A-F347-4225-A2CB-1B9D5CFEAAED}.Release|Windows Phone (Universal).ActiveCfg = Release|Any CPU
		{CDFBB98A-F347-4225-A2CB-1B9D5CFEAAED}.Release|Windows Phone (Universal).Build.0 = Release|Any CPU
		{CDFBB98A-F347-4225-A2CB-1B9D5CFEAAED}.Release|Windows Phone 8.ActiveCfg = Release|Any CPU
		{CDFBB98A-F347-4225-A2CB-1B9D5CFEAAED}.Release|Windows Phone 8.Build.0 = Release|Any CPU
		{CDFBB98A-F347-4225-A2CB-1B9D5CFEAAED}.Release|Windows-AnyCPU.ActiveCfg = Release|Any CPU
		{CDFBB98A-F347-4225-A2CB-1B9D5CFEAAED}.Release|Windows-AnyCPU.Build.0 = Release|Any CPU
		{CDFBB98A-F347-4225-A2CB-1B9D5CFEAAED}.Release|Windows-ARM.ActiveCfg = Release|Any CPU
		{CDFBB98A-F347-4225-A2CB-1B9D5CFEAAED}.Release|Windows-ARM.Build.0 = Release|Any CPU
		{CDFBB98A-F347-4225-A2CB-1B9D5CFEAAED}.Release|Windows-x64.ActiveCfg = Release|Any CPU
		{CDFBB98A-F347-4225-A2CB-1B9D5CFEAAED}.Release|Windows-x64.Build.0 = Release|Any CPU
		{CDFBB98A-F347-4225-A2CB-1B9D5CFEAAED}.Release|Windows-x86.ActiveCfg = Release|Any CPU
		{CDFBB98A-F347-4225-A2CB-1B9D5CFEAAED}.Release|Windows-x86.Build.0 = Release|Any CPU
		{3EF18F8F-EE48-49F5-959D-74F97B4EB52F}.Debug|Android.ActiveCfg = Debug|Android
		{3EF18F8F-EE48-49F5-959D-74F97B4EB52F}.Debug|Android.Build.0 = Debug|Android
		{3EF18F8F-EE48-49F5-959D-74F97B4EB52F}.Debug|Android.Deploy.0 = Debug|Android
		{3EF18F8F-EE48-49F5-959D-74F97B4EB52F}.Debug|Any CPU.ActiveCfg = Debug|Android
		{3EF18F8F-EE48-49F5-959D-74F97B4EB52F}.Debug|iOS.ActiveCfg = Debug|iOS
		{3EF18F8F-EE48-49F5-959D-74F97B4EB52F}.Debug|iOS.Build.0 = Debug|iOS
		{3EF18F8F-EE48-49F5-959D-74F97B4EB52F}.Debug|iOS.Deploy.0 = Debug|iOS
		{3EF18F8F-EE48-49F5-959D-74F97B4EB52F}.Debug|Windows Phone (Universal).ActiveCfg = Debug|Windows Phone (Universal)
		{3EF18F8F-EE48-49F5-959D-74F97B4EB52F}.Debug|Windows Phone (Universal).Build.0 = Debug|Windows Phone (Universal)
		{3EF18F8F-EE48-49F5-959D-74F97B4EB52F}.Debug|Windows Phone (Universal).Deploy.0 = Debug|Windows Phone (Universal)
		{3EF18F8F-EE48-49F5-959D-74F97B4EB52F}.Debug|Windows Phone 8.ActiveCfg = Debug|Windows Phone 8
		{3EF18F8F-EE48-49F5-959D-74F97B4EB52F}.Debug|Windows Phone 8.Build.0 = Debug|Windows Phone 8
		{3EF18F8F-EE48-49F5-959D-74F97B4EB52F}.Debug|Windows Phone 8.Deploy.0 = Debug|Windows Phone 8
		{3EF18F8F-EE48-49F5-959D-74F97B4EB52F}.Debug|Windows-AnyCPU.ActiveCfg = Debug|Windows-AnyCPU
		{3EF18F8F-EE48-49F5-959D-74F97B4EB52F}.Debug|Windows-AnyCPU.Build.0 = Debug|Windows-AnyCPU
		{3EF18F8F-EE48-49F5-959D-74F97B4EB52F}.Debug|Windows-AnyCPU.Deploy.0 = Debug|Windows-AnyCPU
		{3EF18F8F-EE48-49F5-959D-74F97B4EB52F}.Debug|Windows-ARM.ActiveCfg = Debug|Windows-ARM
		{3EF18F8F-EE48-49F5-959D-74F97B4EB52F}.Debug|Windows-ARM.Build.0 = Debug|Windows-ARM
		{3EF18F8F-EE48-49F5-959D-74F97B4EB52F}.Debug|Windows-ARM.Deploy.0 = Debug|Windows-ARM
		{3EF18F8F-EE48-49F5-959D-74F97B4EB52F}.Debug|Windows-x64.ActiveCfg = Debug|Windows-x64
		{3EF18F8F-EE48-49F5-959D-74F97B4EB52F}.Debug|Windows-x64.Build.0 = Debug|Windows-x64
		{3EF18F8F-EE48-49F5-959D-74F97B4EB52F}.Debug|Windows-x64.Deploy.0 = Debug|Windows-x64
		{3EF18F8F-EE48-49F5-959D-74F97B4EB52F}.Debug|Windows-x86.ActiveCfg = Debug|Windows-x86
		{3EF18F8F-EE48-49F5-959D-74F97B4EB52F}.Debug|Windows-x86.Build.0 = Debug|Windows-x86
		{3EF18F8F-EE48-49F5-959D-74F97B4EB52F}.Debug|Windows-x86.Deploy.0 = Debug|Windows-x86
		{3EF18F8F-EE48-49F5-959D-74F97B4EB52F}.Release|Android.ActiveCfg = Release|Android
		{3EF18F8F-EE48-49F5-959D-74F97B4EB52F}.Release|Android.Build.0 = Release|Android
		{3EF18F8F-EE48-49F5-959D-74F97B4EB52F}.Release|Android.Deploy.0 = Release|Android
		{3EF18F8F-EE48-49F5-959D-74F97B4EB52F}.Release|Any CPU.ActiveCfg = Release|Android
		{3EF18F8F-EE48-49F5-959D-74F97B4EB52F}.Release|iOS.ActiveCfg = Release|iOS
		{3EF18F8F-EE48-49F5-959D-74F97B4EB52F}.Release|iOS.Build.0 = Release|iOS
		{3EF18F8F-EE48-49F5-959D-74F97B4EB52F}.Release|iOS.Deploy.0 = Release|iOS
		{3EF18F8F-EE48-49F5-959D-74F97B4EB52F}.Release|Windows Phone (Universal).ActiveCfg = Release|Windows Phone (Universal)
		{3EF18F8F-EE48-49F5-959D-74F97B4EB52F}.Release|Windows Phone (Universal).Build.0 = Release|Windows Phone (Universal)
		{3EF18F8F-EE48-49F5-959D-74F97B4EB52F}.Release|Windows Phone (Universal).Deploy.0 = Release|Windows Phone (Universal)
		{3EF18F8F-EE48-49F5-959D-74F97B4EB52F}.Release|Windows Phone 8.ActiveCfg = Release|Windows Phone 8
		{3EF18F8F-EE48-49F5-959D-74F97B4EB52F}.Release|Windows Phone 8.Build.0 = Release|Windows Phone 8
		{3EF18F8F-EE48-49F5-959D-74F97B4EB52F}.Release|Windows Phone 8.Deploy.0 = Release|Windows Phone 8
		{3EF18F8F-EE48-49F5-959D-74F97B4EB52F}.Release|Windows-AnyCPU.ActiveCfg = Release|Windows-AnyCPU
		{3EF18F8F-EE48-49F5-959D-74F97B4EB52F}.Release|Windows-AnyCPU.Build.0 = Release|Windows-AnyCPU
		{3EF18F8F-EE48-49F5-959D-74F97B4EB52F}.Release|Windows-AnyCPU.Deploy.0 = Release|Windows-AnyCPU
		{3EF18F8F-EE48-49F5-959D-74F97B4EB52F}.Release|Windows-ARM.ActiveCfg = Release|Windows-ARM
		{3EF18F8F-EE48-49F5-959D-74F97B4EB52F}.Release|Windows-ARM.Build.0 = Release|Windows-ARM
		{3EF18F8F-EE48-49F5-959D-74F97B4EB52F}.Release|Windows-ARM.Deploy.0 = Release|Windows-ARM
		{3EF18F8F-EE48-49F5-959D-74F97B4EB52F}.Release|Windows-x64.ActiveCfg = Release|Windows-x64
		{3EF18F8F-EE48-49F5-959D-74F97B4EB52F}.Release|Windows-x64.Build.0 = Release|Windows-x64
		{3EF18F8F-EE48-49F5-959D-74F97B4EB52F}.Release|Windows-x64.Deploy.0 = Release|Windows-x64
		{3EF18F8F-EE48-49F5-959D-74F97B4EB52F}.Release|Windows-x86.ActiveCfg = Release|Windows-x86
		{3EF18F8F-EE48-49F5-959D-74F97B4EB52F}.Release|Windows-x86.Build.0 = Release|Windows-x86
		{3EF18F8F-EE48-49F5-959D-74F97B4EB52F}.Release|Windows-x86.Deploy.0 = Release|Windows-x86
	EndGlobalSection
	GlobalSection(SolutionProperties) = preSolution
		HideSolutionNode = FALSE
	EndGlobalSection
EndGlobal
